
Microsoft Visual Studio Solution File, Format Version 12.00
# Visual Studio 14
VisualStudioVersion = 14.0.22310.1
MinimumVisualStudioVersion = 10.0.40219.1
Project("{8BB2217D-0F2D-49D1-97BC-3654ED321F3B}") = "WebApp", "WebApp\WebApp.kproj", "{8BC522BC-7440-43AC-A9BD-995BFAC27109}"
EndProject
Global
	GlobalSection(SolutionConfigurationPlatforms) = preSolution
		Debug|Any CPU = Debug|Any CPU
		Release|Any CPU = Release|Any CPU
	EndGlobalSection
	GlobalSection(ProjectConfigurationPlatforms) = postSolution
		{8BC522BC-7440-43AC-A9BD-995BFAC27109}.Debug|Any CPU.ActiveCfg = Debug|Any CPU
		{8BC522BC-7440-43AC-A9BD-995BFAC27109}.Debug|Any CPU.Build.0 = Debug|Any CPU
		{8BC522BC-7440-43AC-A9BD-995BFAC27109}.Release|Any CPU.ActiveCfg = Release|Any CPU
		{8BC522BC-7440-43AC-A9BD-995BFAC27109}.Release|Any CPU.Build.0 = Release|Any CPU
	EndGlobalSection
	GlobalSection(SolutionProperties) = preSolution
		HideSolutionNode = FALSE
	EndGlobalSection
EndGlobal
